// !$*UTF8*$!
{
	archiveVersion = 1;
	classes = {
	};
	objectVersion = 50;
	objects = {

/* Begin PBXBuildFile section */
		A2634C46243FC8AD00DF81DA /* AppDelegate.swift in Sources */ = {isa = PBXBuildFile; fileRef = A2634C45243FC8AD00DF81DA /* AppDelegate.swift */; };
		A2634C48243FC8AD00DF81DA /* SceneDelegate.swift in Sources */ = {isa = PBXBuildFile; fileRef = A2634C47243FC8AD00DF81DA /* SceneDelegate.swift */; };
		A2634C4A243FC8AD00DF81DA /* ViewController.swift in Sources */ = {isa = PBXBuildFile; fileRef = A2634C49243FC8AD00DF81DA /* ViewController.swift */; };
		A2634C4D243FC8AD00DF81DA /* Main.storyboard in Resources */ = {isa = PBXBuildFile; fileRef = A2634C4B243FC8AD00DF81DA /* Main.storyboard */; };
		A2634C4F243FC8B100DF81DA /* Assets.xcassets in Resources */ = {isa = PBXBuildFile; fileRef = A2634C4E243FC8B100DF81DA /* Assets.xcassets */; };
		A2634C52243FC8B100DF81DA /* LaunchScreen.storyboard in Resources */ = {isa = PBXBuildFile; fileRef = A2634C50243FC8B100DF81DA /* LaunchScreen.storyboard */; };
		A2634C5D243FC8B200DF81DA /* I_Am_RichTests.swift in Sources */ = {isa = PBXBuildFile; fileRef = A2634C5C243FC8B200DF81DA /* I_Am_RichTests.swift */; };
		A2634C68243FC8B200DF81DA /* I_Am_RichUITests.swift in Sources */ = {isa = PBXBuildFile; fileRef = A2634C67243FC8B200DF81DA /* I_Am_RichUITests.swift */; };
/* End PBXBuildFile section */

/* Begin PBXContainerItemProxy section */
		A2634C59243FC8B200DF81DA /* PBXContainerItemProxy */ = {
			isa = PBXContainerItemProxy;
			containerPortal = A2634C3A243FC8AD00DF81DA /* Project object */;
			proxyType = 1;
			remoteGlobalIDString = A2634C41243FC8AD00DF81DA;
			remoteInfo = "I Am Rich";
		};
		A2634C64243FC8B200DF81DA /* PBXContainerItemProxy */ = {
			isa = PBXContainerItemProxy;
			containerPortal = A2634C3A243FC8AD00DF81DA /* Project object */;
			proxyType = 1;
			remoteGlobalIDString = A2634C41243FC8AD00DF81DA;
			remoteInfo = "I Am Rich";
		};
/* End PBXContainerItemProxy section */

/* Begin PBXFileReference section */
		A2634C42243FC8AD00DF81DA /* I Am Rich.app */ = {isa = PBXFileReference; explicitFileType = wrapper.application; includeInIndex = 0; path = "I Am Rich.app"; sourceTree = BUILT_PRODUCTS_DIR; };
		A2634C45243FC8AD00DF81DA /* AppDelegate.swift */ = {isa = PBXFileReference; lastKnownFileType = sourcecode.swift; path = AppDelegate.swift; sourceTree = "<group>"; };
		A2634C47243FC8AD00DF81DA /* SceneDelegate.swift */ = {isa = PBXFileReference; lastKnownFileType = sourcecode.swift; path = SceneDelegate.swift; sourceTree = "<group>"; };
		A2634C49243FC8AD00DF81DA /* ViewController.swift */ = {isa = PBXFileReference; lastKnownFileType = sourcecode.swift; path = ViewController.swift; sourceTree = "<group>"; };
		A2634C4C243FC8AD00DF81DA /* Base */ = {isa = PBXFileReference; lastKnownFileType = file.storyboard; name = Base; path = Base.lproj/Main.storyboard; sourceTree = "<group>"; };
		A2634C4E243FC8B100DF81DA /* Assets.xcassets */ = {isa = PBXFileReference; lastKnownFileType = folder.assetcatalog; path = Assets.xcassets; sourceTree = "<group>"; };
		A2634C51243FC8B100DF81DA /* Base */ = {isa = PBXFileReference; lastKnownFileType = file.storyboard; name = Base; path = Base.lproj/LaunchScreen.storyboard; sourceTree = "<group>"; };
		A2634C53243FC8B100DF81DA /* Info.plist */ = {isa = PBXFileReference; lastKnownFileType = text.plist.xml; path = Info.plist; sourceTree = "<group>"; };
		A2634C58243FC8B200DF81DA /* I Am RichTests.xctest */ = {isa = PBXFileReference; explicitFileType = wrapper.cfbundle; includeInIndex = 0; path = "I Am RichTests.xctest"; sourceTree = BUILT_PRODUCTS_DIR; };
		A2634C5C243FC8B200DF81DA /* I_Am_RichTests.swift */ = {isa = PBXFileReference; lastKnownFileType = sourcecode.swift; path = I_Am_RichTests.swift; sourceTree = "<group>"; };
		A2634C5E243FC8B200DF81DA /* Info.plist */ = {isa = PBXFileReference; lastKnownFileType = text.plist.xml; path = Info.plist; sourceTree = "<group>"; };
		A2634C63243FC8B200DF81DA /* I Am RichUITests.xctest */ = {isa = PBXFileReference; explicitFileType = wrapper.cfbundle; includeInIndex = 0; path = "I Am RichUITests.xctest"; sourceTree = BUILT_PRODUCTS_DIR; };
		A2634C67243FC8B200DF81DA /* I_Am_RichUITests.swift */ = {isa = PBXFileReference; lastKnownFileType = sourcecode.swift; path = I_Am_RichUITests.swift; sourceTree = "<group>"; };
		A2634C69243FC8B200DF81DA /* Info.plist */ = {isa = PBXFileReference; lastKnownFileType = text.plist.xml; path = Info.plist; sourceTree = "<group>"; };
/* End PBXFileReference section */

/* Begin PBXFrameworksBuildPhase section */
		A2634C3F243FC8AD00DF81DA /* Frameworks */ = {
			isa = PBXFrameworksBuildPhase;
			buildActionMask = 2147483647;
			files = (
			);
			runOnlyForDeploymentPostprocessing = 0;
		};
		A2634C55243FC8B200DF81DA /* Frameworks */ = {
			isa = PBXFrameworksBuildPhase;
			buildActionMask = 2147483647;
			files = (
			);
			runOnlyForDeploymentPostprocessing = 0;
		};
		A2634C60243FC8B200DF81DA /* Frameworks */ = {
			isa = PBXFrameworksBuildPhase;
			buildActionMask = 2147483647;
			files = (
			);
			runOnlyForDeploymentPostprocessing = 0;
		};
/* End PBXFrameworksBuildPhase section */

/* Begin PBXGroup section */
		A2634C39243FC8AD00DF81DA = {
			isa = PBXGroup;
			children = (
				A2634C44243FC8AD00DF81DA /* I Am Rich */,
				A2634C5B243FC8B200DF81DA /* I Am RichTests */,
				A2634C66243FC8B200DF81DA /* I Am RichUITests */,
				A2634C43243FC8AD00DF81DA /* Products */,
			);
			sourceTree = "<group>";
		};
		A2634C43243FC8AD00DF81DA /* Products */ = {
			isa = PBXGroup;
			children = (
				A2634C42243FC8AD00DF81DA /* I Am Rich.app */,
				A2634C58243FC8B200DF81DA /* I Am RichTests.xctest */,
				A2634C63243FC8B200DF81DA /* I Am RichUITests.xctest */,
			);
			name = Products;
			sourceTree = "<group>";
		};
		A2634C44243FC8AD00DF81DA /* I Am Rich */ = {
			isa = PBXGroup;
			children = (
				A2634C45243FC8AD00DF81DA /* AppDelegate.swift */,
				A2634C47243FC8AD00DF81DA /* SceneDelegate.swift */,
				A2634C49243FC8AD00DF81DA /* ViewController.swift */,
				A2634C4B243FC8AD00DF81DA /* Main.storyboard */,
				A2634C4E243FC8B100DF81DA /* Assets.xcassets */,
				A2634C50243FC8B100DF81DA /* LaunchScreen.storyboard */,
				A2634C53243FC8B100DF81DA /* Info.plist */,
			);
			path = "I Am Rich";
			sourceTree = "<group>";
		};
		A2634C5B243FC8B200DF81DA /* I Am RichTests */ = {
			isa = PBXGroup;
			children = (
				A2634C5C243FC8B200DF81DA /* I_Am_RichTests.swift */,
				A2634C5E243FC8B200DF81DA /* Info.plist */,
			);
			path = "I Am RichTests";
			sourceTree = "<group>";
		};
		A2634C66243FC8B200DF81DA /* I Am RichUITests */ = {
			isa = PBXGroup;
			children = (
				A2634C67243FC8B200DF81DA /* I_Am_RichUITests.swift */,
				A2634C69243FC8B200DF81DA /* Info.plist */,
			);
			path = "I Am RichUITests";
			sourceTree = "<group>";
		};
/* End PBXGroup section */

/* Begin PBXNativeTarget section */
		A2634C41243FC8AD00DF81DA /* I Am Rich */ = {
			isa = PBXNativeTarget;
			buildConfigurationList = A2634C6C243FC8B200DF81DA /* Build configuration list for PBXNativeTarget "I Am Rich" */;
			buildPhases = (
				A2634C3E243FC8AD00DF81DA /* Sources */,
				A2634C3F243FC8AD00DF81DA /* Frameworks */,
				A2634C40243FC8AD00DF81DA /* Resources */,
			);
			buildRules = (
			);
			dependencies = (
			);
			name = "I Am Rich";
			productName = "I Am Rich";
			productReference = A2634C42243FC8AD00DF81DA /* I Am Rich.app */;
			productType = "com.apple.product-type.application";
		};
		A2634C57243FC8B200DF81DA /* I Am RichTests */ = {
			isa = PBXNativeTarget;
			buildConfigurationList = A2634C6F243FC8B200DF81DA /* Build configuration list for PBXNativeTarget "I Am RichTests" */;
			buildPhases = (
				A2634C54243FC8B200DF81DA /* Sources */,
				A2634C55243FC8B200DF81DA /* Frameworks */,
				A2634C56243FC8B200DF81DA /* Resources */,
			);
			buildRules = (
			);
			dependencies = (
				A2634C5A243FC8B200DF81DA /* PBXTargetDependency */,
			);
			name = "I Am RichTests";
			productName = "I Am RichTests";
			productReference = A2634C58243FC8B200DF81DA /* I Am RichTests.xctest */;
			productType = "com.apple.product-type.bundle.unit-test";
		};
		A2634C62243FC8B200DF81DA /* I Am RichUITests */ = {
			isa = PBXNativeTarget;
			buildConfigurationList = A2634C72243FC8B200DF81DA /* Build configuration list for PBXNativeTarget "I Am RichUITests" */;
			buildPhases = (
				A2634C5F243FC8B200DF81DA /* Sources */,
				A2634C60243FC8B200DF81DA /* Frameworks */,
				A2634C61243FC8B200DF81DA /* Resources */,
			);
			buildRules = (
			);
			dependencies = (
				A2634C65243FC8B200DF81DA /* PBXTargetDependency */,
			);
			name = "I Am RichUITests";
			productName = "I Am RichUITests";
			productReference = A2634C63243FC8B200DF81DA /* I Am RichUITests.xctest */;
			productType = "com.apple.product-type.bundle.ui-testing";
		};
/* End PBXNativeTarget section */

/* Begin PBXProject section */
		A2634C3A243FC8AD00DF81DA /* Project object */ = {
			isa = PBXProject;
			attributes = {
				LastSwiftUpdateCheck = 1140;
				LastUpgradeCheck = 1140;
				ORGANIZATIONNAME = "Lucas Manuel";
				TargetAttributes = {
					A2634C41243FC8AD00DF81DA = {
						CreatedOnToolsVersion = 11.4;
					};
					A2634C57243FC8B200DF81DA = {
						CreatedOnToolsVersion = 11.4;
						TestTargetID = A2634C41243FC8AD00DF81DA;
					};
					A2634C62243FC8B200DF81DA = {
						CreatedOnToolsVersion = 11.4;
						TestTargetID = A2634C41243FC8AD00DF81DA;
					};
				};
			};
			buildConfigurationList = A2634C3D243FC8AD00DF81DA /* Build configuration list for PBXProject "I Am Rich" */;
			compatibilityVersion = "Xcode 9.3";
			developmentRegion = en;
			hasScannedForEncodings = 0;
			knownRegions = (
				en,
				Base,
			);
			mainGroup = A2634C39243FC8AD00DF81DA;
			productRefGroup = A2634C43243FC8AD00DF81DA /* Products */;
			projectDirPath = "";
			projectRoot = "";
			targets = (
				A2634C41243FC8AD00DF81DA /* I Am Rich */,
				A2634C57243FC8B200DF81DA /* I Am RichTests */,
				A2634C62243FC8B200DF81DA /* I Am RichUITests */,
			);
		};
/* End PBXProject section */

/* Begin PBXResourcesBuildPhase section */
		A2634C40243FC8AD00DF81DA /* Resources */ = {
			isa = PBXResourcesBuildPhase;
			buildActionMask = 2147483647;
			files = (
				A2634C52243FC8B100DF81DA /* LaunchScreen.storyboard in Resources */,
				A2634C4F243FC8B100DF81DA /* Assets.xcassets in Resources */,
				A2634C4D243FC8AD00DF81DA /* Main.storyboard in Resources */,
			);
			runOnlyForDeploymentPostprocessing = 0;
		};
		A2634C56243FC8B200DF81DA /* Resources */ = {
			isa = PBXResourcesBuildPhase;
			buildActionMask = 2147483647;
			files = (
			);
			runOnlyForDeploymentPostprocessing = 0;
		};
		A2634C61243FC8B200DF81DA /* Resources */ = {
			isa = PBXResourcesBuildPhase;
			buildActionMask = 2147483647;
			files = (
			);
			runOnlyForDeploymentPostprocessing = 0;
		};
/* End PBXResourcesBuildPhase section */

/* Begin PBXSourcesBuildPhase section */
		A2634C3E243FC8AD00DF81DA /* Sources */ = {
			isa = PBXSourcesBuildPhase;
			buildActionMask = 2147483647;
			files = (
				A2634C4A243FC8AD00DF81DA /* ViewController.swift in Sources */,
				A2634C46243FC8AD00DF81DA /* AppDelegate.swift in Sources */,
				A2634C48243FC8AD00DF81DA /* SceneDelegate.swift in Sources */,
			);
			runOnlyForDeploymentPostprocessing = 0;
		};
		A2634C54243FC8B200DF81DA /* Sources */ = {
			isa = PBXSourcesBuildPhase;
			buildActionMask = 2147483647;
			files = (
				A2634C5D243FC8B200DF81DA /* I_Am_RichTests.swift in Sources */,
			);
			runOnlyForDeploymentPostprocessing = 0;
		};
		A2634C5F243FC8B200DF81DA /* Sources */ = {
			isa = PBXSourcesBuildPhase;
			buildActionMask = 2147483647;
			files = (
				A2634C68243FC8B200DF81DA /* I_Am_RichUITests.swift in Sources */,
			);
			runOnlyForDeploymentPostprocessing = 0;
		};
/* End PBXSourcesBuildPhase section */

/* Begin PBXTargetDependency section */
		A2634C5A243FC8B200DF81DA /* PBXTargetDependency */ = {
			isa = PBXTargetDependency;
			target = A2634C41243FC8AD00DF81DA /* I Am Rich */;
			targetProxy = A2634C59243FC8B200DF81DA /* PBXContainerItemProxy */;
		};
		A2634C65243FC8B200DF81DA /* PBXTargetDependency */ = {
			isa = PBXTargetDependency;
			target = A2634C41243FC8AD00DF81DA /* I Am Rich */;
			targetProxy = A2634C64243FC8B200DF81DA /* PBXContainerItemProxy */;
		};
/* End PBXTargetDependency section */

/* Begin PBXVariantGroup section */
		A2634C4B243FC8AD00DF81DA /* Main.storyboard */ = {
			isa = PBXVariantGroup;
			children = (
				A2634C4C243FC8AD00DF81DA /* Base */,
			);
			name = Main.storyboard;
			sourceTree = "<group>";
		};
		A2634C50243FC8B100DF81DA /* LaunchScreen.storyboard */ = {
			isa = PBXVariantGroup;
			children = (
				A2634C51243FC8B100DF81DA /* Base */,
			);
			name = LaunchScreen.storyboard;
			sourceTree = "<group>";
		};
/* End PBXVariantGroup section */

/* Begin XCBuildConfiguration section */
		A2634C6A243FC8B200DF81DA /* Debug */ = {
			isa = XCBuildConfiguration;
			buildSettings = {
				ALWAYS_SEARCH_USER_PATHS = NO;
				CLANG_ANALYZER_NONNULL = YES;
				CLANG_ANALYZER_NUMBER_OBJECT_CONVERSION = YES_AGGRESSIVE;
				CLANG_CXX_LANGUAGE_STANDARD = "gnu++14";
				CLANG_CXX_LIBRARY = "libc++";
				CLANG_ENABLE_MODULES = YES;
				CLANG_ENABLE_OBJC_ARC = YES;
				CLANG_ENABLE_OBJC_WEAK = YES;
				CLANG_WARN_BLOCK_CAPTURE_AUTORELEASING = YES;
				CLANG_WARN_BOOL_CONVERSION = YES;
				CLANG_WARN_COMMA = YES;
				CLANG_WARN_CONSTANT_CONVERSION = YES;
				CLANG_WARN_DEPRECATED_OBJC_IMPLEMENTATIONS = YES;
				CLANG_WARN_DIRECT_OBJC_ISA_USAGE = YES_ERROR;
				CLANG_WARN_DOCUMENTATION_COMMENTS = YES;
				CLANG_WARN_EMPTY_BODY = YES;
				CLANG_WARN_ENUM_CONVERSION = YES;
				CLANG_WARN_INFINITE_RECURSION = YES;
				CLANG_WARN_INT_CONVERSION = YES;
				CLANG_WARN_NON_LITERAL_NULL_CONVERSION = YES;
				CLANG_WARN_OBJC_IMPLICIT_RETAIN_SELF = YES;
				CLANG_WARN_OBJC_LITERAL_CONVERSION = YES;
				CLANG_WARN_OBJC_ROOT_CLASS = YES_ERROR;
				CLANG_WARN_RANGE_LOOP_ANALYSIS = YES;
				CLANG_WARN_STRICT_PROTOTYPES = YES;
				CLANG_WARN_SUSPICIOUS_MOVE = YES;
				CLANG_WARN_UNGUARDED_AVAILABILITY = YES_AGGRESSIVE;
				CLANG_WARN_UNREACHABLE_CODE = YES;
				CLANG_WARN__DUPLICATE_METHOD_MATCH = YES;
				COPY_PHASE_STRIP = NO;
				DEBUG_INFORMATION_FORMAT = dwarf;
				ENABLE_STRICT_OBJC_MSGSEND = YES;
				ENABLE_TESTABILITY = YES;
				GCC_C_LANGUAGE_STANDARD = gnu11;
				GCC_DYNAMIC_NO_PIC = NO;
				GCC_NO_COMMON_BLOCKS = YES;
				GCC_OPTIMIZATION_LEVEL = 0;
				GCC_PREPROCESSOR_DEFINITIONS = (
					"DEBUG=1",
					"$(inherited)",
				);
				GCC_WARN_64_TO_32_BIT_CONVERSION = YES;
				GCC_WARN_ABOUT_RETURN_TYPE = YES_ERROR;
				GCC_WARN_UNDECLARED_SELECTOR = YES;
				GCC_WARN_UNINITIALIZED_AUTOS = YES_AGGRESSIVE;
				GCC_WARN_UNUSED_FUNCTION = YES;
				GCC_WARN_UNUSED_VARIABLE = YES;
				IPHONEOS_DEPLOYMENT_TARGET = 13.4;
				MTL_ENABLE_DEBUG_INFO = INCLUDE_SOURCE;
				MTL_FAST_MATH = YES;
				ONLY_ACTIVE_ARCH = YES;
				SDKROOT = iphoneos;
				SWIFT_ACTIVE_COMPILATION_CONDITIONS = DEBUG;
				SWIFT_OPTIMIZATION_LEVEL = "-Onone";
			};
			name = Debug;
		};
		A2634C6B243FC8B200DF81DA /* Release */ = {
			isa = XCBuildConfiguration;
			buildSettings = {
				ALWAYS_SEARCH_USER_PATHS = NO;
				CLANG_ANALYZER_NONNULL = YES;
				CLANG_ANALYZER_NUMBER_OBJECT_CONVERSION = YES_AGGRESSIVE;
				CLANG_CXX_LANGUAGE_STANDARD = "gnu++14";
				CLANG_CXX_LIBRARY = "libc++";
				CLANG_ENABLE_MODULES = YES;
				CLANG_ENABLE_OBJC_ARC = YES;
				CLANG_ENABLE_OBJC_WEAK = YES;
				CLANG_WARN_BLOCK_CAPTURE_AUTORELEASING = YES;
				CLANG_WARN_BOOL_CONVERSION = YES;
				CLANG_WARN_COMMA = YES;
				CLANG_WARN_CONSTANT_CONVERSION = YES;
				CLANG_WARN_DEPRECATED_OBJC_IMPLEMENTATIONS = YES;
				CLANG_WARN_DIRECT_OBJC_ISA_USAGE = YES_ERROR;
				CLANG_WARN_DOCUMENTATION_COMMENTS = YES;
				CLANG_WARN_EMPTY_BODY = YES;
				CLANG_WARN_ENUM_CONVERSION = YES;
				CLANG_WARN_INFINITE_RECURSION = YES;
				CLANG_WARN_INT_CONVERSION = YES;
				CLANG_WARN_NON_LITERAL_NULL_CONVERSION = YES;
				CLANG_WARN_OBJC_IMPLICIT_RETAIN_SELF = YES;
				CLANG_WARN_OBJC_LITERAL_CONVERSION = YES;
				CLANG_WARN_OBJC_ROOT_CLASS = YES_ERROR;
				CLANG_WARN_RANGE_LOOP_ANALYSIS = YES;
				CLANG_WARN_STRICT_PROTOTYPES = YES;
				CLANG_WARN_SUSPICIOUS_MOVE = YES;
				CLANG_WARN_UNGUARDED_AVAILABILITY = YES_AGGRESSIVE;
				CLANG_WARN_UNREACHABLE_CODE = YES;
				CLANG_WARN__DUPLICATE_METHOD_MATCH = YES;
				COPY_PHASE_STRIP = NO;
				DEBUG_INFORMATION_FORMAT = "dwarf-with-dsym";
				ENABLE_NS_ASSERTIONS = NO;
				ENABLE_STRICT_OBJC_MSGSEND = YES;
				GCC_C_LANGUAGE_STANDARD = gnu11;
				GCC_NO_COMMON_BLOCKS = YES;
				GCC_WARN_64_TO_32_BIT_CONVERSION = YES;
				GCC_WARN_ABOUT_RETURN_TYPE = YES_ERROR;
				GCC_WARN_UNDECLARED_SELECTOR = YES;
				GCC_WARN_UNINITIALIZED_AUTOS = YES_AGGRESSIVE;
				GCC_WARN_UNUSED_FUNCTION = YES;
				GCC_WARN_UNUSED_VARIABLE = YES;
				IPHONEOS_DEPLOYMENT_TARGET = 13.4;
				MTL_ENABLE_DEBUG_INFO = NO;
				MTL_FAST_MATH = YES;
				SDKROOT = iphoneos;
				SWIFT_COMPILATION_MODE = wholemodule;
				SWIFT_OPTIMIZATION_LEVEL = "-O";
				VALIDATE_PRODUCT = YES;
			};
			name = Release;
		};
		A2634C6D243FC8B200DF81DA /* Debug */ = {
			isa = XCBuildConfiguration;
			buildSettings = {
				ASSETCATALOG_COMPILER_APPICON_NAME = AppIcon;
				CODE_SIGN_STYLE = Automatic;
				INFOPLIST_FILE = "I Am Rich/Info.plist";
				IPHONEOS_DEPLOYMENT_TARGET = 13.0;
				LD_RUNPATH_SEARCH_PATHS = (
					"$(inherited)",
					"@executable_path/Frameworks",
				);
				PRODUCT_BUNDLE_IDENTIFIER = "com.lucasmferrer.I-Am-Rich";
				PRODUCT_NAME = "$(TARGET_NAME)";
				SWIFT_VERSION = 5.0;
				TARGETED_DEVICE_FAMILY = "1,2";
			};
			name = Debug;
		};
		A2634C6E243FC8B200DF81DA /* Release */ = {
			isa = XCBuildConfiguration;
			buildSettings = {
				ASSETCATALOG_COMPILER_APPICON_NAME = AppIcon;
				CODE_SIGN_STYLE = Automatic;
				INFOPLIST_FILE = "I Am Rich/Info.plist";
				IPHONEOS_DEPLOYMENT_TARGET = 13.0;
				LD_RUNPATH_SEARCH_PATHS = (
					"$(inherited)",
					"@executable_path/Frameworks",
				);
				PRODUCT_BUNDLE_IDENTIFIER = "com.lucasmferrer.I-Am-Rich";
				PRODUCT_NAME = "$(TARGET_NAME)";
				SWIFT_VERSION = 5.0;
				TARGETED_DEVICE_FAMILY = "1,2";
			};
			name = Release;
		};
		A2634C70243FC8B200DF81DA /* Debug */ = {
			isa = XCBuildConfiguration;
			buildSettings = {
				ALWAYS_EMBED_SWIFT_STANDARD_LIBRARIES = YES;
				BUNDLE_LOADER = "$(TEST_HOST)";
				CODE_SIGN_STYLE = Automatic;
				INFOPLIST_FILE = "I Am RichTests/Info.plist";
				IPHONEOS_DEPLOYMENT_TARGET = 13.4;
				LD_RUNPATH_SEARCH_PATHS = (
					"$(inherited)",
					"@executable_path/Frameworks",
					"@loader_path/Frameworks",
				);
				PRODUCT_BUNDLE_IDENTIFIER = "com.lucasmferrer.I-Am-RichTests";
				PRODUCT_NAME = "$(TARGET_NAME)";
				SWIFT_VERSION = 5.0;
				TARGETED_DEVICE_FAMILY = "1,2";
				TEST_HOST = "$(BUILT_PRODUCTS_DIR)/I Am Rich.app/I Am Rich";
			};
			name = Debug;
		};
		A2634C71243FC8B200DF81DA /* Release */ = {
			isa = XCBuildConfiguration;
			buildSettings = {
				ALWAYS_EMBED_SWIFT_STANDARD_LIBRARIES = YES;
				BUNDLE_LOADER = "$(TEST_HOST)";
				CODE_SIGN_STYLE = Automatic;
				INFOPLIST_FILE = "I Am RichTests/Info.plist";
				IPHONEOS_DEPLOYMENT_TARGET = 13.4;
				LD_RUNPATH_SEARCH_PATHS = (
					"$(inherited)",
					"@executable_path/Frameworks",
					"@loader_path/Frameworks",
				);
				PRODUCT_BUNDLE_IDENTIFIER = "com.lucasmferrer.I-Am-RichTests";
				PRODUCT_NAME = "$(TARGET_NAME)";
				SWIFT_VERSION = 5.0;
				TARGETED_DEVICE_FAMILY = "1,2";
				TEST_HOST = "$(BUILT_PRODUCTS_DIR)/I Am Rich.app/I Am Rich";
			};
			name = Release;
		};
		A2634C73243FC8B200DF81DA /* Debug */ = {
			isa = XCBuildConfiguration;
			buildSettings = {
				ALWAYS_EMBED_SWIFT_STANDARD_LIBRARIES = YES;
				CODE_SIGN_STYLE = Automatic;
				INFOPLIST_FILE = "I Am RichUITests/Info.plist";
				LD_RUNPATH_SEARCH_PATHS = (
					"$(inherited)",
					"@executable_path/Frameworks",
					"@loader_path/Frameworks",
				);
				PRODUCT_BUNDLE_IDENTIFIER = "com.lucasmferrer.I-Am-RichUITests";
				PRODUCT_NAME = "$(TARGET_NAME)";
				SWIFT_VERSION = 5.0;
				TARGETED_DEVICE_FAMILY = "1,2";
				TEST_TARGET_NAME = "I Am Rich";
			};
			name = Debug;
		};
		A2634C74243FC8B200DF81DA /* Release */ = {
			isa = XCBuildConfiguration;
			buildSettings = {
				ALWAYS_EMBED_SWIFT_STANDARD_LIBRARIES = YES;
				CODE_SIGN_STYLE = Automatic;
				INFOPLIST_FILE = "I Am RichUITests/Info.plist";
				LD_RUNPATH_SEARCH_PATHS = (
					"$(inherited)",
					"@executable_path/Frameworks",
					"@loader_path/Frameworks",
				);
				PRODUCT_BUNDLE_IDENTIFIER = "com.lucasmferrer.I-Am-RichUITests";
				PRODUCT_NAME = "$(TARGET_NAME)";
				SWIFT_VERSION = 5.0;
				TARGETED_DEVICE_FAMILY = "1,2";
				TEST_TARGET_NAME = "I Am Rich";
			};
			name = Release;
		};
/* End XCBuildConfiguration section */

/* Begin XCConfigurationList section */
		A2634C3D243FC8AD00DF81DA /* Build configuration list for PBXProject "I Am Rich" */ = {
			isa = XCConfigurationList;
			buildConfigurations = (
				A2634C6A243FC8B200DF81DA /* Debug */,
				A2634C6B243FC8B200DF81DA /* Release */,
			);
			defaultConfigurationIsVisible = 0;
			defaultConfigurationName = Release;
		};
		A2634C6C243FC8B200DF81DA /* Build configuration list for PBXNativeTarget "I Am Rich" */ = {
			isa = XCConfigurationList;
			buildConfigurations = (
				A2634C6D243FC8B200DF81DA /* Debug */,
				A2634C6E243FC8B200DF81DA /* Release */,
			);
			defaultConfigurationIsVisible = 0;
			defaultConfigurationName = Release;
		};
		A2634C6F243FC8B200DF81DA /* Build configuration list for PBXNativeTarget "I Am RichTests" */ = {
			isa = XCConfigurationList;
			buildConfigurations = (
				A2634C70243FC8B200DF81DA /* Debug */,
				A2634C71243FC8B200DF81DA /* Release */,
			);
			defaultConfigurationIsVisible = 0;
			defaultConfigurationName = Release;
		};
		A2634C72243FC8B200DF81DA /* Build configuration list for PBXNativeTarget "I Am RichUITests" */ = {
			isa = XCConfigurationList;
			buildConfigurations = (
				A2634C73243FC8B200DF81DA /* Debug */,
				A2634C74243FC8B200DF81DA /* Release */,
			);
			defaultConfigurationIsVisible = 0;
			defaultConfigurationName = Release;
		};
/* End XCConfigurationList section */
	};
	rootObject = A2634C3A243FC8AD00DF81DA /* Project object */;
}
